
Microsoft Visual Studio Solution File, Format Version 12.00
# Visual Studio Version 16
VisualStudioVersion = 16.0.31605.320
MinimumVisualStudioVersion = 10.0.40219.1
Project("{FAE04EC0-301F-11D3-BF4B-00C04F79EFBC}") = "firstTask", "firstTask\firstTask.csproj", "{3F1522FA-AD91-4A10-81EF-0D50889E4760}"
EndProject
Project("{2150E333-8FDC-42A3-9474-1A3956D46DE8}") = "Solution Items", "Solution Items", "{27A2FBC0-046B-4BBA-9016-99902FF154E9}"
EndProject
Global
	GlobalSection(SolutionConfigurationPlatforms) = preSolution
		Debug|Any CPU = Debug|Any CPU
		Release|Any CPU = Release|Any CPU
	EndGlobalSection
	GlobalSection(ProjectConfigurationPlatforms) = postSolution
		{3F1522FA-AD91-4A10-81EF-0D50889E4760}.Debug|Any CPU.ActiveCfg = Debug|Any CPU
		{3F1522FA-AD91-4A10-81EF-0D50889E4760}.Debug|Any CPU.Build.0 = Debug|Any CPU
		{3F1522FA-AD91-4A10-81EF-0D50889E4760}.Release|Any CPU.ActiveCfg = Release|Any CPU
		{3F1522FA-AD91-4A10-81EF-0D50889E4760}.Release|Any CPU.Build.0 = Release|Any CPU
	EndGlobalSection
	GlobalSection(SolutionProperties) = preSolution
		HideSolutionNode = FALSE
	EndGlobalSection
	GlobalSection(ExtensibilityGlobals) = postSolution
		SolutionGuid = {DF0AAA17-FACF-4D6D-8CDB-65EE43435D01}
	EndGlobalSection
EndGlobal
